
Microsoft Visual Studio Solution File, Format Version 12.00
# Visual Studio Version 16
VisualStudioVersion = 16.0.810.12
MinimumVisualStudioVersion = 10.0.40219.1
Project("{FAE04EC0-301F-11D3-BF4B-00C04F79EFBC}") = "oop-programming", "oop-programming\oop-programming.csproj", "{16200F99-14A2-4E90-83A9-40E2A2F07890}"
EndProject
Project("{FAE04EC0-301F-11D3-BF4B-00C04F79EFBC}") = "WebApplication", "WebApplication\WebApplication.csproj", "{C42FDD53-4FA0-49C7-A2B1-A71011B93BD5}"
EndProject
Project("{FAE04EC0-301F-11D3-BF4B-00C04F79EFBC}") = "HDT.Entities", "HDT.Entities\HDT.Entities.csproj", "{B9CDF314-531A-4F12-AD5A-6C90414A857C}"
EndProject
Project("{FAE04EC0-301F-11D3-BF4B-00C04F79EFBC}") = "HDT.Services", "HDT.Services\HDT.Services.csproj", "{D4A6B751-563C-4A8C-9CFB-C0AA04B75FAC}"
EndProject
Project("{FAE04EC0-301F-11D3-BF4B-00C04F79EFBC}") = "HDT.DataAccess", "HDT.DataAccess\HDT.DataAccess.csproj", "{8B50FD18-3BC1-48CF-82DC-5DC52DF5FEE7}"
EndProject
Global
	GlobalSection(SolutionConfigurationPlatforms) = preSolution
		Debug|Any CPU = Debug|Any CPU
		Release|Any CPU = Release|Any CPU
	EndGlobalSection
	GlobalSection(ProjectConfigurationPlatforms) = postSolution
		{16200F99-14A2-4E90-83A9-40E2A2F07890}.Debug|Any CPU.ActiveCfg = Debug|Any CPU
		{16200F99-14A2-4E90-83A9-40E2A2F07890}.Debug|Any CPU.Build.0 = Debug|Any CPU
		{16200F99-14A2-4E90-83A9-40E2A2F07890}.Release|Any CPU.ActiveCfg = Release|Any CPU
		{16200F99-14A2-4E90-83A9-40E2A2F07890}.Release|Any CPU.Build.0 = Release|Any CPU
		{C42FDD53-4FA0-49C7-A2B1-A71011B93BD5}.Debug|Any CPU.ActiveCfg = Debug|Any CPU
		{C42FDD53-4FA0-49C7-A2B1-A71011B93BD5}.Debug|Any CPU.Build.0 = Debug|Any CPU
		{C42FDD53-4FA0-49C7-A2B1-A71011B93BD5}.Release|Any CPU.ActiveCfg = Release|Any CPU
		{C42FDD53-4FA0-49C7-A2B1-A71011B93BD5}.Release|Any CPU.Build.0 = Release|Any CPU
		{B9CDF314-531A-4F12-AD5A-6C90414A857C}.Debug|Any CPU.ActiveCfg = Debug|Any CPU
		{B9CDF314-531A-4F12-AD5A-6C90414A857C}.Debug|Any CPU.Build.0 = Debug|Any CPU
		{B9CDF314-531A-4F12-AD5A-6C90414A857C}.Release|Any CPU.ActiveCfg = Release|Any CPU
		{B9CDF314-531A-4F12-AD5A-6C90414A857C}.Release|Any CPU.Build.0 = Release|Any CPU
		{D4A6B751-563C-4A8C-9CFB-C0AA04B75FAC}.Debug|Any CPU.ActiveCfg = Debug|Any CPU
		{D4A6B751-563C-4A8C-9CFB-C0AA04B75FAC}.Debug|Any CPU.Build.0 = Debug|Any CPU
		{D4A6B751-563C-4A8C-9CFB-C0AA04B75FAC}.Release|Any CPU.ActiveCfg = Release|Any CPU
		{D4A6B751-563C-4A8C-9CFB-C0AA04B75FAC}.Release|Any CPU.Build.0 = Release|Any CPU
		{8B50FD18-3BC1-48CF-82DC-5DC52DF5FEE7}.Debug|Any CPU.ActiveCfg = Debug|Any CPU
		{8B50FD18-3BC1-48CF-82DC-5DC52DF5FEE7}.Debug|Any CPU.Build.0 = Debug|Any CPU
		{8B50FD18-3BC1-48CF-82DC-5DC52DF5FEE7}.Release|Any CPU.ActiveCfg = Release|Any CPU
		{8B50FD18-3BC1-48CF-82DC-5DC52DF5FEE7}.Release|Any CPU.Build.0 = Release|Any CPU
	EndGlobalSection
	GlobalSection(SolutionProperties) = preSolution
		HideSolutionNode = FALSE
	EndGlobalSection
	GlobalSection(ExtensibilityGlobals) = postSolution
		SolutionGuid = {3A22D772-0537-4529-A285-B32DFD768C91}
	EndGlobalSection
EndGlobal
